// !$*UTF8*$!
{
	archiveVersion = 1;
	classes = {
	};
	objectVersion = 46;
	objects = {

/* Begin PBXBuildFile section */
		0D444C1E1CE17348007E9079 /* AppDelegate.swift in Sources */ = {isa = PBXBuildFile; fileRef = 0D444C061CE17348007E9079 /* AppDelegate.swift */; };
		0D444C1F1CE17348007E9079 /* Info.plist in Resources */ = {isa = PBXBuildFile; fileRef = 0D444C1C1CE17348007E9079 /* Info.plist */; };
		0D444C201CE17348007E9079 /* Assets.xcassets in Resources */ = {isa = PBXBuildFile; fileRef = 0D444C1D1CE17348007E9079 /* Assets.xcassets */; };
		0DA74E2D1CE1C4AB003BB9A2 /* HQLTabBarController.swift in Sources */ = {isa = PBXBuildFile; fileRef = 0DA74E2C1CE1C4AB003BB9A2 /* HQLTabBarController.swift */; };
		0DA74E331CE1C52B003BB9A2 /* DiscoveryController.swift in Sources */ = {isa = PBXBuildFile; fileRef = 0DA74E321CE1C52B003BB9A2 /* DiscoveryController.swift */; };
		0DA74E351CE1C55D003BB9A2 /* HomeController.swift in Sources */ = {isa = PBXBuildFile; fileRef = 0DA74E341CE1C55D003BB9A2 /* HomeController.swift */; };
		0DA74E371CE1C56E003BB9A2 /* MessageController.swift in Sources */ = {isa = PBXBuildFile; fileRef = 0DA74E361CE1C56E003BB9A2 /* MessageController.swift */; };
		0DA74E391CE1C57E003BB9A2 /* ProfileController.swift in Sources */ = {isa = PBXBuildFile; fileRef = 0DA74E381CE1C57E003BB9A2 /* ProfileController.swift */; };
/* End PBXBuildFile section */

/* Begin PBXFileReference section */
		0D444C061CE17348007E9079 /* AppDelegate.swift */ = {isa = PBXFileReference; fileEncoding = 4; lastKnownFileType = sourcecode.swift; path = AppDelegate.swift; sourceTree = "<group>"; };
		0D444C1C1CE17348007E9079 /* Info.plist */ = {isa = PBXFileReference; fileEncoding = 4; lastKnownFileType = text.plist.xml; path = Info.plist; sourceTree = "<group>"; };
		0D444C1D1CE17348007E9079 /* Assets.xcassets */ = {isa = PBXFileReference; lastKnownFileType = folder.assetcatalog; path = Assets.xcassets; sourceTree = "<group>"; };
		0D47A4E21CE16E9C00D8C33A /* SinaWeiBo.app */ = {isa = PBXFileReference; explicitFileType = wrapper.application; includeInIndex = 0; path = SinaWeiBo.app; sourceTree = BUILT_PRODUCTS_DIR; };
		0DA74E2C1CE1C4AB003BB9A2 /* HQLTabBarController.swift */ = {isa = PBXFileReference; fileEncoding = 4; lastKnownFileType = sourcecode.swift; path = HQLTabBarController.swift; sourceTree = "<group>"; };
		0DA74E321CE1C52B003BB9A2 /* DiscoveryController.swift */ = {isa = PBXFileReference; fileEncoding = 4; lastKnownFileType = sourcecode.swift; path = DiscoveryController.swift; sourceTree = "<group>"; };
		0DA74E341CE1C55D003BB9A2 /* HomeController.swift */ = {isa = PBXFileReference; fileEncoding = 4; lastKnownFileType = sourcecode.swift; path = HomeController.swift; sourceTree = "<group>"; };
		0DA74E361CE1C56E003BB9A2 /* MessageController.swift */ = {isa = PBXFileReference; fileEncoding = 4; lastKnownFileType = sourcecode.swift; path = MessageController.swift; sourceTree = "<group>"; };
		0DA74E381CE1C57E003BB9A2 /* ProfileController.swift */ = {isa = PBXFileReference; fileEncoding = 4; lastKnownFileType = sourcecode.swift; path = ProfileController.swift; sourceTree = "<group>"; };
/* End PBXFileReference section */

/* Begin PBXFrameworksBuildPhase section */
		0D47A4DF1CE16E9C00D8C33A /* Frameworks */ = {
			isa = PBXFrameworksBuildPhase;
			buildActionMask = 2147483647;
			files = (
			);
			runOnlyForDeploymentPostprocessing = 0;
		};
/* End PBXFrameworksBuildPhase section */

/* Begin PBXGroup section */
		0D444C041CE17348007E9079 /* Class */ = {
			isa = PBXGroup;
			children = (
				0D444C061CE17348007E9079 /* AppDelegate.swift */,
				0D444C051CE17348007E9079 /* Extension */,
				0D444C071CE17348007E9079 /* Library */,
				0D444C081CE17348007E9079 /* Model */,
				0D444C091CE17348007E9079 /* Module */,
				0D444C1A1CE17348007E9079 /* Tool */,
			);
			path = Class;
			sourceTree = "<group>";
		};
		0D444C051CE17348007E9079 /* Extension */ = {
			isa = PBXGroup;
			children = (
			);
			path = Extension;
			sourceTree = "<group>";
		};
		0D444C071CE17348007E9079 /* Library */ = {
			isa = PBXGroup;
			children = (
			);
			path = Library;
			sourceTree = "<group>";
		};
		0D444C081CE17348007E9079 /* Model */ = {
			isa = PBXGroup;
			children = (
			);
			path = Model;
			sourceTree = "<group>";
		};
		0D444C091CE17348007E9079 /* Module */ = {
			isa = PBXGroup;
			children = (
				0DA74E281CE1C449003BB9A2 /* Main */,
				0D444C0E1CE17348007E9079 /* Home */,
				0D444C121CE17348007E9079 /* Message */,
				0D444C0A1CE17348007E9079 /* Discovery */,
				0D444C161CE17348007E9079 /* Profile */,
			);
			path = Module;
			sourceTree = "<group>";
		};
		0D444C0A1CE17348007E9079 /* Discovery */ = {
			isa = PBXGroup;
			children = (
				0D444C0B1CE17348007E9079 /* Controller */,
				0D444C0C1CE17348007E9079 /* Model */,
				0D444C0D1CE17348007E9079 /* View */,
			);
			path = Discovery;
			sourceTree = "<group>";
		};
		0D444C0B1CE17348007E9079 /* Controller */ = {
			isa = PBXGroup;
			children = (
				0DA74E321CE1C52B003BB9A2 /* DiscoveryController.swift */,
			);
			path = Controller;
			sourceTree = "<group>";
		};
		0D444C0C1CE17348007E9079 /* Model */ = {
			isa = PBXGroup;
			children = (
			);
			path = Model;
			sourceTree = "<group>";
		};
		0D444C0D1CE17348007E9079 /* View */ = {
			isa = PBXGroup;
			children = (
			);
			path = View;
			sourceTree = "<group>";
		};
		0D444C0E1CE17348007E9079 /* Home */ = {
			isa = PBXGroup;
			children = (
				0D444C0F1CE17348007E9079 /* Controller */,
				0D444C101CE17348007E9079 /* Model */,
				0D444C111CE17348007E9079 /* View */,
			);
			path = Home;
			sourceTree = "<group>";
		};
		0D444C0F1CE17348007E9079 /* Controller */ = {
			isa = PBXGroup;
			children = (
				0DA74E341CE1C55D003BB9A2 /* HomeController.swift */,
			);
			path = Controller;
			sourceTree = "<group>";
		};
		0D444C101CE17348007E9079 /* Model */ = {
			isa = PBXGroup;
			children = (
			);
			path = Model;
			sourceTree = "<group>";
		};
		0D444C111CE17348007E9079 /* View */ = {
			isa = PBXGroup;
			children = (
			);
			path = View;
			sourceTree = "<group>";
		};
		0D444C121CE17348007E9079 /* Message */ = {
			isa = PBXGroup;
			children = (
				0D444C131CE17348007E9079 /* Controller */,
				0D444C141CE17348007E9079 /* Model */,
				0D444C151CE17348007E9079 /* View */,
			);
			path = Message;
			sourceTree = "<group>";
		};
		0D444C131CE17348007E9079 /* Controller */ = {
			isa = PBXGroup;
			children = (
				0DA74E361CE1C56E003BB9A2 /* MessageController.swift */,
			);
			path = Controller;
			sourceTree = "<group>";
		};
		0D444C141CE17348007E9079 /* Model */ = {
			isa = PBXGroup;
			children = (
			);
			path = Model;
			sourceTree = "<group>";
		};
		0D444C151CE17348007E9079 /* View */ = {
			isa = PBXGroup;
			children = (
			);
			path = View;
			sourceTree = "<group>";
		};
		0D444C161CE17348007E9079 /* Profile */ = {
			isa = PBXGroup;
			children = (
				0D444C171CE17348007E9079 /* Controller */,
				0D444C181CE17348007E9079 /* Model */,
				0D444C191CE17348007E9079 /* View */,
			);
			path = Profile;
			sourceTree = "<group>";
		};
		0D444C171CE17348007E9079 /* Controller */ = {
			isa = PBXGroup;
			children = (
				0DA74E381CE1C57E003BB9A2 /* ProfileController.swift */,
			);
			path = Controller;
			sourceTree = "<group>";
		};
		0D444C181CE17348007E9079 /* Model */ = {
			isa = PBXGroup;
			children = (
			);
			path = Model;
			sourceTree = "<group>";
		};
		0D444C191CE17348007E9079 /* View */ = {
			isa = PBXGroup;
			children = (
			);
			path = View;
			sourceTree = "<group>";
		};
		0D444C1A1CE17348007E9079 /* Tool */ = {
			isa = PBXGroup;
			children = (
			);
			path = Tool;
			sourceTree = "<group>";
		};
		0D444C1B1CE17348007E9079 /* Resource */ = {
			isa = PBXGroup;
			children = (
				0D444C1C1CE17348007E9079 /* Info.plist */,
				0D444C1D1CE17348007E9079 /* Assets.xcassets */,
			);
			path = Resource;
			sourceTree = "<group>";
		};
		0D47A4D91CE16E9C00D8C33A = {
			isa = PBXGroup;
			children = (
				0D47A4E41CE16E9C00D8C33A /* SinaWeiBo */,
				0D47A4E31CE16E9C00D8C33A /* Products */,
			);
			sourceTree = "<group>";
		};
		0D47A4E31CE16E9C00D8C33A /* Products */ = {
			isa = PBXGroup;
			children = (
				0D47A4E21CE16E9C00D8C33A /* SinaWeiBo.app */,
			);
			name = Products;
			sourceTree = "<group>";
		};
		0D47A4E41CE16E9C00D8C33A /* SinaWeiBo */ = {
			isa = PBXGroup;
			children = (
				0D444C041CE17348007E9079 /* Class */,
				0D444C1B1CE17348007E9079 /* Resource */,
			);
			path = SinaWeiBo;
			sourceTree = "<group>";
		};
		0DA74E281CE1C449003BB9A2 /* Main */ = {
			isa = PBXGroup;
			children = (
				0DA74E291CE1C45B003BB9A2 /* Controller */,
				0DA74E2A1CE1C45B003BB9A2 /* Model */,
				0DA74E2B1CE1C45B003BB9A2 /* View */,
			);
			path = Main;
			sourceTree = "<group>";
		};
		0DA74E291CE1C45B003BB9A2 /* Controller */ = {
			isa = PBXGroup;
			children = (
				0DA74E2C1CE1C4AB003BB9A2 /* HQLTabBarController.swift */,
			);
			path = Controller;
			sourceTree = "<group>";
		};
		0DA74E2A1CE1C45B003BB9A2 /* Model */ = {
			isa = PBXGroup;
			children = (
			);
			path = Model;
			sourceTree = "<group>";
		};
		0DA74E2B1CE1C45B003BB9A2 /* View */ = {
			isa = PBXGroup;
			children = (
			);
			path = View;
			sourceTree = "<group>";
		};
/* End PBXGroup section */

/* Begin PBXNativeTarget section */
		0D47A4E11CE16E9C00D8C33A /* SinaWeiBo */ = {
			isa = PBXNativeTarget;
			buildConfigurationList = 0D47A4F41CE16E9C00D8C33A /* Build configuration list for PBXNativeTarget "SinaWeiBo" */;
			buildPhases = (
				0D47A4DE1CE16E9C00D8C33A /* Sources */,
				0D47A4DF1CE16E9C00D8C33A /* Frameworks */,
				0D47A4E01CE16E9C00D8C33A /* Resources */,
			);
			buildRules = (
			);
			dependencies = (
			);
			name = SinaWeiBo;
			productName = SinaWeiBo;
			productReference = 0D47A4E21CE16E9C00D8C33A /* SinaWeiBo.app */;
			productType = "com.apple.product-type.application";
		};
/* End PBXNativeTarget section */

/* Begin PBXProject section */
		0D47A4DA1CE16E9C00D8C33A /* Project object */ = {
			isa = PBXProject;
			attributes = {
				LastSwiftUpdateCheck = 0730;
				LastUpgradeCheck = 0730;
				ORGANIZATIONNAME = HQL;
				TargetAttributes = {
					0D47A4E11CE16E9C00D8C33A = {
						CreatedOnToolsVersion = 7.3;
					};
				};
			};
			buildConfigurationList = 0D47A4DD1CE16E9C00D8C33A /* Build configuration list for PBXProject "SinaWeiBo" */;
			compatibilityVersion = "Xcode 3.2";
			developmentRegion = English;
			hasScannedForEncodings = 0;
			knownRegions = (
				en,
				Base,
			);
			mainGroup = 0D47A4D91CE16E9C00D8C33A;
			productRefGroup = 0D47A4E31CE16E9C00D8C33A /* Products */;
			projectDirPath = "";
			projectRoot = "";
			targets = (
				0D47A4E11CE16E9C00D8C33A /* SinaWeiBo */,
			);
		};
/* End PBXProject section */

/* Begin PBXResourcesBuildPhase section */
		0D47A4E01CE16E9C00D8C33A /* Resources */ = {
			isa = PBXResourcesBuildPhase;
			buildActionMask = 2147483647;
			files = (
				0D444C201CE17348007E9079 /* Assets.xcassets in Resources */,
				0D444C1F1CE17348007E9079 /* Info.plist in Resources */,
			);
			runOnlyForDeploymentPostprocessing = 0;
		};
/* End PBXResourcesBuildPhase section */

/* Begin PBXSourcesBuildPhase section */
		0D47A4DE1CE16E9C00D8C33A /* Sources */ = {
			isa = PBXSourcesBuildPhase;
			buildActionMask = 2147483647;
			files = (
				0DA74E331CE1C52B003BB9A2 /* DiscoveryController.swift in Sources */,
				0D444C1E1CE17348007E9079 /* AppDelegate.swift in Sources */,
				0DA74E371CE1C56E003BB9A2 /* MessageController.swift in Sources */,
				0DA74E2D1CE1C4AB003BB9A2 /* HQLTabBarController.swift in Sources */,
				0DA74E351CE1C55D003BB9A2 /* HomeController.swift in Sources */,
				0DA74E391CE1C57E003BB9A2 /* ProfileController.swift in Sources */,
			);
			runOnlyForDeploymentPostprocessing = 0;
		};
/* End PBXSourcesBuildPhase section */

/* Begin XCBuildConfiguration section */
		0D47A4F21CE16E9C00D8C33A /* Debug */ = {
			isa = XCBuildConfiguration;
			buildSettings = {
				ALWAYS_SEARCH_USER_PATHS = NO;
				CLANG_ANALYZER_NONNULL = YES;
				CLANG_CXX_LANGUAGE_STANDARD = "gnu++0x";
				CLANG_CXX_LIBRARY = "libc++";
				CLANG_ENABLE_MODULES = YES;
				CLANG_ENABLE_OBJC_ARC = YES;
				CLANG_WARN_BOOL_CONVERSION = YES;
				CLANG_WARN_CONSTANT_CONVERSION = YES;
				CLANG_WARN_DIRECT_OBJC_ISA_USAGE = YES_ERROR;
				CLANG_WARN_EMPTY_BODY = YES;
				CLANG_WARN_ENUM_CONVERSION = YES;
				CLANG_WARN_INT_CONVERSION = YES;
				CLANG_WARN_OBJC_ROOT_CLASS = YES_ERROR;
				CLANG_WARN_UNREACHABLE_CODE = YES;
				CLANG_WARN__DUPLICATE_METHOD_MATCH = YES;
				"CODE_SIGN_IDENTITY[sdk=iphoneos*]" = "iPhone Developer";
				COPY_PHASE_STRIP = NO;
				DEBUG_INFORMATION_FORMAT = dwarf;
				ENABLE_STRICT_OBJC_MSGSEND = YES;
				ENABLE_TESTABILITY = YES;
				GCC_C_LANGUAGE_STANDARD = gnu99;
				GCC_DYNAMIC_NO_PIC = NO;
				GCC_NO_COMMON_BLOCKS = YES;
				GCC_OPTIMIZATION_LEVEL = 0;
				GCC_PREPROCESSOR_DEFINITIONS = (
					"DEBUG=1",
					"$(inherited)",
				);
				GCC_WARN_64_TO_32_BIT_CONVERSION = YES;
				GCC_WARN_ABOUT_RETURN_TYPE = YES_ERROR;
				GCC_WARN_UNDECLARED_SELECTOR = YES;
				GCC_WARN_UNINITIALIZED_AUTOS = YES_AGGRESSIVE;
				GCC_WARN_UNUSED_FUNCTION = YES;
				GCC_WARN_UNUSED_VARIABLE = YES;
				IPHONEOS_DEPLOYMENT_TARGET = 9.3;
				MTL_ENABLE_DEBUG_INFO = YES;
				ONLY_ACTIVE_ARCH = YES;
				SDKROOT = iphoneos;
				SWIFT_OPTIMIZATION_LEVEL = "-Onone";
				TARGETED_DEVICE_FAMILY = "1,2";
			};
			name = Debug;
		};
		0D47A4F31CE16E9C00D8C33A /* Release */ = {
			isa = XCBuildConfiguration;
			buildSettings = {
				ALWAYS_SEARCH_USER_PATHS = NO;
				CLANG_ANALYZER_NONNULL = YES;
				CLANG_CXX_LANGUAGE_STANDARD = "gnu++0x";
				CLANG_CXX_LIBRARY = "libc++";
				CLANG_ENABLE_MODULES = YES;
				CLANG_ENABLE_OBJC_ARC = YES;
				CLANG_WARN_BOOL_CONVERSION = YES;
				CLANG_WARN_CONSTANT_CONVERSION = YES;
				CLANG_WARN_DIRECT_OBJC_ISA_USAGE = YES_ERROR;
				CLANG_WARN_EMPTY_BODY = YES;
				CLANG_WARN_ENUM_CONVERSION = YES;
				CLANG_WARN_INT_CONVERSION = YES;
				CLANG_WARN_OBJC_ROOT_CLASS = YES_ERROR;
				CLANG_WARN_UNREACHABLE_CODE = YES;
				CLANG_WARN__DUPLICATE_METHOD_MATCH = YES;
				"CODE_SIGN_IDENTITY[sdk=iphoneos*]" = "iPhone Developer";
				COPY_PHASE_STRIP = NO;
				DEBUG_INFORMATION_FORMAT = "dwarf-with-dsym";
				ENABLE_NS_ASSERTIONS = NO;
				ENABLE_STRICT_OBJC_MSGSEND = YES;
				GCC_C_LANGUAGE_STANDARD = gnu99;
				GCC_NO_COMMON_BLOCKS = YES;
				GCC_WARN_64_TO_32_BIT_CONVERSION = YES;
				GCC_WARN_ABOUT_RETURN_TYPE = YES_ERROR;
				GCC_WARN_UNDECLARED_SELECTOR = YES;
				GCC_WARN_UNINITIALIZED_AUTOS = YES_AGGRESSIVE;
				GCC_WARN_UNUSED_FUNCTION = YES;
				GCC_WARN_UNUSED_VARIABLE = YES;
				IPHONEOS_DEPLOYMENT_TARGET = 9.3;
				MTL_ENABLE_DEBUG_INFO = NO;
				SDKROOT = iphoneos;
				TARGETED_DEVICE_FAMILY = "1,2";
				VALIDATE_PRODUCT = YES;
			};
			name = Release;
		};
		0D47A4F51CE16E9C00D8C33A /* Debug */ = {
			isa = XCBuildConfiguration;
			buildSettings = {
				ASSETCATALOG_COMPILER_APPICON_NAME = AppIcon;
				ASSETCATALOG_COMPILER_LAUNCHIMAGE_NAME = "Brand Assets";
				INFOPLIST_FILE = "$(SRCROOT)/SinaWeiBo/Resource/Info.plist";
				IPHONEOS_DEPLOYMENT_TARGET = 8.0;
				LD_RUNPATH_SEARCH_PATHS = "$(inherited) @executable_path/Frameworks";
				PRODUCT_BUNDLE_IDENTIFIER = cn.HQL.SinaWeiBo;
				PRODUCT_NAME = "$(TARGET_NAME)";
				TARGETED_DEVICE_FAMILY = 1;
			};
			name = Debug;
		};
		0D47A4F61CE16E9C00D8C33A /* Release */ = {
			isa = XCBuildConfiguration;
			buildSettings = {
				ASSETCATALOG_COMPILER_APPICON_NAME = AppIcon;
				ASSETCATALOG_COMPILER_LAUNCHIMAGE_NAME = "Brand Assets";
				INFOPLIST_FILE = "$(SRCROOT)/SinaWeiBo/Resource/Info.plist";
				IPHONEOS_DEPLOYMENT_TARGET = 8.0;
				LD_RUNPATH_SEARCH_PATHS = "$(inherited) @executable_path/Frameworks";
				PRODUCT_BUNDLE_IDENTIFIER = cn.HQL.SinaWeiBo;
				PRODUCT_NAME = "$(TARGET_NAME)";
				TARGETED_DEVICE_FAMILY = 1;
			};
			name = Release;
		};
/* End XCBuildConfiguration section */

/* Begin XCConfigurationList section */
		0D47A4DD1CE16E9C00D8C33A /* Build configuration list for PBXProject "SinaWeiBo" */ = {
			isa = XCConfigurationList;
			buildConfigurations = (
				0D47A4F21CE16E9C00D8C33A /* Debug */,
				0D47A4F31CE16E9C00D8C33A /* Release */,
			);
			defaultConfigurationIsVisible = 0;
			defaultConfigurationName = Release;
		};
		0D47A4F41CE16E9C00D8C33A /* Build configuration list for PBXNativeTarget "SinaWeiBo" */ = {
			isa = XCConfigurationList;
			buildConfigurations = (
				0D47A4F51CE16E9C00D8C33A /* Debug */,
				0D47A4F61CE16E9C00D8C33A /* Release */,
			);
			defaultConfigurationIsVisible = 0;
			defaultConfigurationName = Release;
		};
/* End XCConfigurationList section */
	};
	rootObject = 0D47A4DA1CE16E9C00D8C33A /* Project object */;
}
